<?xml version="1.0" encoding="utf-8"?>
<Project ToolsVersion="4.0" xmlns="http://schemas.microsoft.com/developer/msbuild/2003">
  <ItemGroup>
    <Filter Include="Source">
      <UniqueIdentifier>{4FC737F1-C7A5-4376-A066-2A32D752A2FF}</UniqueIdentifier>
      <Extensions>cpp;c;cc;cxx;def;odl;idl;hpj;bat;asm;asmx</Extensions>
    </Filter>
    <Filter Include="Headers">
      <UniqueIdentifier>{c2b30443-ef34-4af7-9cfa-a144ef67705e}</UniqueIdentifier>
    </Filter>
    <Filter Include="Headers\AnimateSDK">
      <UniqueIdentifier>{58bbf3c2-bc7f-4419-a1f1-65f12bade9a9}</UniqueIdentifier>
    </Filter>
    <Filter Include="Headers\AnimateSDK\app">
      <UniqueIdentifier>{f747e0b8-569f-409a-8260-a0860e67ae4f}</UniqueIdentifier>
    </Filter>
    <Filter Include="Headers\AnimateSDK\app\include">
      <UniqueIdentifier>{a64c0213-9097-4244-a74d-1bad3e502a2d}</UniqueIdentifier>
    </Filter>
    <Filter Include="Headers\AnimateSDK\app\include\common">
      <UniqueIdentifier>{695326f4-52ba-42db-bbf7-ddb03be3619c}</UniqueIdentifier>
    </Filter>
    <Filter Include="Headers\AnimateSDK\app\include\interfaces">
      <UniqueIdentifier>{682d074b-9be7-460a-830f-15a230ebcaf2}</UniqueIdentifier>
    </Filter>
    <Filter Include="Headers\AnimateSDK\app\include\interfaces\Application">
      <UniqueIdentifier>{1e0b8255-eee7-4977-9b4c-d8d79b65bdbb}</UniqueIdentifier>
    </Filter>
    <Filter Include="Headers\AnimateSDK\app\include\interfaces\Application\Service">
      <UniqueIdentifier>{12bf65f0-cbc9-4e61-8d39-f39caae0faa2}</UniqueIdentifier>
    </Filter>
    <Filter Include="Headers\AnimateSDK\app\include\interfaces\DocType">
      <UniqueIdentifier>{e0534aeb-7ac5-48e8-b2e2-ca2057346763}</UniqueIdentifier>
    </Filter>
    <Filter Include="Headers\AnimateSDK\app\include\interfaces\DOM">
      <UniqueIdentifier>{26cf8613-8e84-4072-ae6e-d1fc040a2a40}</UniqueIdentifier>
    </Filter>
    <Filter Include="Headers\AnimateSDK\app\include\interfaces\DOM\FillStyle">
      <UniqueIdentifier>{ddbb237f-fbfc-4878-bcb6-a02c7e650058}</UniqueIdentifier>
    </Filter>
    <Filter Include="Headers\AnimateSDK\app\include\interfaces\DOM\FrameElement">
      <UniqueIdentifier>{6756ec26-5d8e-4124-b069-ea98a40497fd}</UniqueIdentifier>
    </Filter>
    <Filter Include="Headers\AnimateSDK\app\include\interfaces\DOM\GraphicFilter">
      <UniqueIdentifier>{d251a317-6db2-4093-a43d-f80767b805ef}</UniqueIdentifier>
    </Filter>
    <Filter Include="Headers\AnimateSDK\app\include\interfaces\DOM\LibraryItem">
      <UniqueIdentifier>{574fbd86-b694-4c18-929d-e84bce1aa57e}</UniqueIdentifier>
    </Filter>
    <Filter Include="Headers\AnimateSDK\app\include\interfaces\DOM\MediaInfo">
      <UniqueIdentifier>{f96a8486-0196-447b-b560-d666bdf90967}</UniqueIdentifier>
    </Filter>
    <Filter Include="Headers\AnimateSDK\app\include\interfaces\DOM\Service">
      <UniqueIdentifier>{3af57934-0567-43ef-9703-9af415d2e6ef}</UniqueIdentifier>
    </Filter>
    <Filter Include="Headers\AnimateSDK\app\include\interfaces\DOM\Service\Document">
      <UniqueIdentifier>{7ae81305-94fe-4a04-82b4-1c9dfbad962d}</UniqueIdentifier>
    </Filter>
    <Filter Include="Headers\AnimateSDK\app\include\interfaces\DOM\Service\FontTable">
      <UniqueIdentifier>{6866ca0a-060d-4965-8b8f-c9b98afd9648}</UniqueIdentifier>
    </Filter>
    <Filter Include="Headers\AnimateSDK\app\include\interfaces\DOM\Service\Image">
      <UniqueIdentifier>{5712c935-e232-4a09-a770-7b3f197ced7c}</UniqueIdentifier>
    </Filter>
    <Filter Include="Headers\AnimateSDK\app\include\interfaces\DOM\Service\Media3D">
      <UniqueIdentifier>{711b11e8-abcd-4970-a0d6-8c087bdbf832}</UniqueIdentifier>
    </Filter>
    <Filter Include="Headers\AnimateSDK\app\include\interfaces\DOM\Service\Shape">
      <UniqueIdentifier>{7e190ffd-2cf8-44cd-9f33-90cb7edc43f7}</UniqueIdentifier>
    </Filter>
    <Filter Include="Headers\AnimateSDK\app\include\interfaces\DOM\Service\Sound">
      <UniqueIdentifier>{3eb7a77d-7dfa-4d3f-a6ac-54c3ee4773d8}</UniqueIdentifier>
    </Filter>
    <Filter Include="Headers\AnimateSDK\app\include\interfaces\DOM\Service\TextLayout">
      <UniqueIdentifier>{4866cfdc-7919-4142-98e5-9aa4b0a25d1e}</UniqueIdentifier>
    </Filter>
    <Filter Include="Headers\AnimateSDK\app\include\interfaces\DOM\Service\Tween">
      <UniqueIdentifier>{e8ccd2d2-cae6-49ae-a4d8-d8748fe99e01}</UniqueIdentifier>
    </Filter>
    <Filter Include="Headers\AnimateSDK\app\include\interfaces\DOM\StrokeStyle">
      <UniqueIdentifier>{2b241770-dac6-4b09-92ca-55b0e35b121a}</UniqueIdentifier>
    </Filter>
    <Filter Include="Headers\AnimateSDK\app\include\interfaces\DOM\Utils">
      <UniqueIdentifier>{5675f3be-63ba-4828-b364-f14a9d30f35b}</UniqueIdentifier>
    </Filter>
    <Filter Include="Headers\AnimateSDK\app\include\interfaces\Exporter">
      <UniqueIdentifier>{c81388c0-5afe-45c0-af78-53047de66bec}</UniqueIdentifier>
    </Filter>
    <Filter Include="Headers\AnimateSDK\app\include\interfaces\Exporter\Service">
      <UniqueIdentifier>{66bdea5b-14e7-4ed6-8e35-76f4a35c6e0b}</UniqueIdentifier>
    </Filter>
    <Filter Include="Headers\AnimateSDK\app\include\interfaces\Publisher">
      <UniqueIdentifier>{0094658c-c424-4963-bf93-d8bccaf54893}</UniqueIdentifier>
    </Filter>
    <Filter Include="Headers\AnimateSDK\core">
      <UniqueIdentifier>{b1f5528c-c3e4-42f1-a14e-ed429ecbd138}</UniqueIdentifier>
    </Filter>
    <Filter Include="Headers\AnimateSDK\core\include">
      <UniqueIdentifier>{c6f79ba3-7a24-4200-969a-326b9917b439}</UniqueIdentifier>
    </Filter>
    <Filter Include="Headers\AnimateSDK\core\include\common">
      <UniqueIdentifier>{40a8e225-01e4-44ba-8cad-9eb01581cbe7}</UniqueIdentifier>
    </Filter>
    <Filter Include="Headers\AnimateSDK\core\include\common\mac">
      <UniqueIdentifier>{550cd13f-c7d7-473d-a3f3-a5b6dc48727f}</UniqueIdentifier>
    </Filter>
    <Filter Include="Headers\AnimateSDK\core\include\common\win">
      <UniqueIdentifier>{15ebd15d-269c-4cb5-8940-9ffc94f283dc}</UniqueIdentifier>
    </Filter>
    <Filter Include="Headers\AnimateSDK\core\include\interfaces">
      <UniqueIdentifier>{8ef628e7-b9b4-4533-ba00-e6ace92be578}</UniqueIdentifier>
    </Filter>
    <Filter Include="ThirdParty">
      <UniqueIdentifier>{375ae89a-c5f6-4900-a7fb-4d7a812a96da}</UniqueIdentifier>
    </Filter>
    <Filter Include="ThirdParty\libjson">
      <UniqueIdentifier>{352e1c7c-12b9-42ed-a699-5bbff8ff012f}</UniqueIdentifier>
    </Filter>
    <Filter Include="ThirdParty\libjson\JSONDefs">
      <UniqueIdentifier>{a5641f83-04c4-4db3-8a8d-d88c0746592f}</UniqueIdentifier>
    </Filter>
    <Filter Include="Headers\DocType">
      <UniqueIdentifier>{85f2965f-f1e2-42aa-8486-4fa24d18110b}</UniqueIdentifier>
    </Filter>
    <Filter Include="Source\DocType">
      <UniqueIdentifier>{2a18cd3e-c6da-4714-bf27-3fdf5af98e5a}</UniqueIdentifier>
    </Filter>
    <Filter Include="Headers\SharedPublisher">
      <UniqueIdentifier>{91a087fd-7984-44cd-a26b-5ff39eafb5f2}</UniqueIdentifier>
    </Filter>
    <Filter Include="Source\Writers">
      <UniqueIdentifier>{7d2ed28a-24c7-4d80-97f3-3830bfb8ebe1}</UniqueIdentifier>
    </Filter>
    <Filter Include="Source\Writers\JSON">
      <UniqueIdentifier>{94f9879f-e4e3-4ef6-82de-d2cdedaf8def}</UniqueIdentifier>
    </Filter>
    <Filter Include="Headers\Writers">
      <UniqueIdentifier>{e6137342-3f5b-4e88-964a-fb9441c54ac3}</UniqueIdentifier>
    </Filter>
    <Filter Include="Headers\Writers\Base">
      <UniqueIdentifier>{1e05cbb2-50f9-42a4-a91a-23881f99f0c7}</UniqueIdentifier>
    </Filter>
    <Filter Include="Headers\Writers\JSON">
      <UniqueIdentifier>{d6e82f3d-a23a-41fb-976a-372725232fd7}</UniqueIdentifier>
    </Filter>
    <Filter Include="Source\SharedPublisher">
      <UniqueIdentifier>{0dea6af5-2fbd-4c70-b4ef-bce4a6054368}</UniqueIdentifier>
    </Filter>
    <Filter Include="Headers\io">
      <UniqueIdentifier>{80a4201d-5a13-49e0-ae47-44d695f3670d}</UniqueIdentifier>
    </Filter>
  </ItemGroup>
  <ItemGroup>
    <ClCompile Include="..\..\src\Main.cpp">
      <Filter>Source</Filter>
    </ClCompile>
    <ClCompile Include="..\..\src\Utils.cpp">
      <Filter>Source</Filter>
    </ClCompile>
    <ClCompile Include="..\..\ThirdParty\libjson\src\JSONValidator.cpp">
      <Filter>ThirdParty\libjson</Filter>
    </ClCompile>
    <ClCompile Include="..\..\ThirdParty\libjson\src\JSONWorker.cpp">
      <Filter>ThirdParty\libjson</Filter>
    </ClCompile>
    <ClCompile Include="..\..\ThirdParty\libjson\src\JSONWriter.cpp">
      <Filter>ThirdParty\libjson</Filter>
    </ClCompile>
    <ClCompile Include="..\..\ThirdParty\libjson\src\libjson.cpp">
      <Filter>ThirdParty\libjson</Filter>
    </ClCompile>
    <ClCompile Include="..\..\ThirdParty\libjson\src\internalJSONNode.cpp">
      <Filter>ThirdParty\libjson</Filter>
    </ClCompile>
    <ClCompile Include="..\..\ThirdParty\libjson\src\JSONAllocator.cpp">
      <Filter>ThirdParty\libjson</Filter>
    </ClCompile>
    <ClCompile Include="..\..\ThirdParty\libjson\src\JSONChildren.cpp">
      <Filter>ThirdParty\libjson</Filter>
    </ClCompile>
    <ClCompile Include="..\..\ThirdParty\libjson\src\JSONDebug.cpp">
      <Filter>ThirdParty\libjson</Filter>
    </ClCompile>
    <ClCompile Include="..\..\ThirdParty\libjson\src\JSONIterators.cpp">
      <Filter>ThirdParty\libjson</Filter>
    </ClCompile>
    <ClCompile Include="..\..\ThirdParty\libjson\src\JSONMemory.cpp">
      <Filter>ThirdParty\libjson</Filter>
    </ClCompile>
    <ClCompile Include="..\..\ThirdParty\libjson\src\JSONNode.cpp">
      <Filter>ThirdParty\libjson</Filter>
    </ClCompile>
    <ClCompile Include="..\..\ThirdParty\libjson\src\JSONNode_Mutex.cpp">
      <Filter>ThirdParty\libjson</Filter>
    </ClCompile>
    <ClCompile Include="..\..\ThirdParty\libjson\src\JSONPreparse.cpp">
      <Filter>ThirdParty\libjson</Filter>
    </ClCompile>
    <ClCompile Include="..\..\ThirdParty\libjson\src\JSONStream.cpp">
      <Filter>ThirdParty\libjson</Filter>
    </ClCompile>
    <ClCompile Include="..\..\src\DocType\DocType.cpp">
      <Filter>Source\DocType</Filter>
    </ClCompile>
    <ClCompile Include="..\..\src\DocType\FeatureMatrix.cpp">
      <Filter>Source\DocType</Filter>
    </ClCompile>
    <ClCompile Include="..\..\src\DocType\DataTypes.cpp">
      <Filter>Source\DocType</Filter>
    </ClCompile>
    <ClCompile Include="..\..\src\Writers\JSON\JSONOutputWriter.cpp">
      <Filter>Source\Writers\JSON</Filter>
    </ClCompile>
    <ClCompile Include="..\..\src\Writers\JSON\JSONTimelineWriter.cpp">
      <Filter>Source\Writers\JSON</Filter>
    </ClCompile>
    <ClCompile Include="..\..\src\SharedPublisher\TimelineBuilderFactory.cpp">
      <Filter>Source\SharedPublisher</Filter>
    </ClCompile>
    <ClCompile Include="..\..\src\SharedPublisher\Publisher.cpp">
      <Filter>Source\SharedPublisher</Filter>
    </ClCompile>
    <ClCompile Include="..\..\src\SharedPublisher\ResourcePalette.cpp">
      <Filter>Source\SharedPublisher</Filter>
    </ClCompile>
    <ClCompile Include="..\..\src\SharedPublisher\TimelineBuilder.cpp">
      <Filter>Source\SharedPublisher</Filter>
    </ClCompile>
  </ItemGroup>
  <ItemGroup>
    <ClInclude Include="..\..\include\Utils.h">
      <Filter>Headers</Filter>
    </ClInclude>
    <ClInclude Include="..\..\include\AnimateSDK\app\include\AppNamespace.h">
      <Filter>Headers\AnimateSDK\app\include</Filter>
    </ClInclude>
    <ClInclude Include="..\..\include\AnimateSDK\app\include\common\FlashFCMPublicIDs.h">
      <Filter>Headers\AnimateSDK\app\include\common</Filter>
    </ClInclude>
    <ClInclude Include="..\..\include\AnimateSDK\app\include\common\ApplicationFCMPublicIDs.h">
      <Filter>Headers\AnimateSDK\app\include\common</Filter>
    </ClInclude>
    <ClInclude Include="..\..\include\AnimateSDK\app\include\interfaces\Application\Service\IFlashApplicationService.h">
      <Filter>Headers\AnimateSDK\app\include\interfaces\Application\Service</Filter>
    </ClInclude>
    <ClInclude Include="..\..\include\AnimateSDK\app\include\interfaces\Application\Service\IOutputConsoleService.h">
      <Filter>Headers\AnimateSDK\app\include\interfaces\Application\Service</Filter>
    </ClInclude>
    <ClInclude Include="..\..\include\AnimateSDK\app\include\interfaces\Application\Service\IApplicationService.h">
      <Filter>Headers\AnimateSDK\app\include\interfaces\Application\Service</Filter>
    </ClInclude>
    <ClInclude Include="..\..\include\AnimateSDK\app\include\interfaces\DocType\IDocType.h">
      <Filter>Headers\AnimateSDK\app\include\interfaces\DocType</Filter>
    </ClInclude>
    <ClInclude Include="..\..\include\AnimateSDK\app\include\interfaces\DocType\IFeatureMatrix.h">
      <Filter>Headers\AnimateSDK\app\include\interfaces\DocType</Filter>
    </ClInclude>
    <ClInclude Include="..\..\include\AnimateSDK\app\include\interfaces\DOM\IFLADocument.h">
      <Filter>Headers\AnimateSDK\app\include\interfaces\DOM</Filter>
    </ClInclude>
    <ClInclude Include="..\..\include\AnimateSDK\app\include\interfaces\DOM\IFrame.h">
      <Filter>Headers\AnimateSDK\app\include\interfaces\DOM</Filter>
    </ClInclude>
    <ClInclude Include="..\..\include\AnimateSDK\app\include\interfaces\DOM\IFrame1.h">
      <Filter>Headers\AnimateSDK\app\include\interfaces\DOM</Filter>
    </ClInclude>
    <ClInclude Include="..\..\include\AnimateSDK\app\include\interfaces\DOM\ILayer.h">
      <Filter>Headers\AnimateSDK\app\include\interfaces\DOM</Filter>
    </ClInclude>
    <ClInclude Include="..\..\include\AnimateSDK\app\include\interfaces\DOM\ILayer1.h">
      <Filter>Headers\AnimateSDK\app\include\interfaces\DOM</Filter>
    </ClInclude>
    <ClInclude Include="..\..\include\AnimateSDK\app\include\interfaces\DOM\ILayer2.h">
      <Filter>Headers\AnimateSDK\app\include\interfaces\DOM</Filter>
    </ClInclude>
    <ClInclude Include="..\..\include\AnimateSDK\app\include\interfaces\DOM\ILibraryItem.h">
      <Filter>Headers\AnimateSDK\app\include\interfaces\DOM</Filter>
    </ClInclude>
    <ClInclude Include="..\..\include\AnimateSDK\app\include\interfaces\DOM\ITimeline.h">
      <Filter>Headers\AnimateSDK\app\include\interfaces\DOM</Filter>
    </ClInclude>
    <ClInclude Include="..\..\include\AnimateSDK\app\include\interfaces\DOM\ITimeline1.h">
      <Filter>Headers\AnimateSDK\app\include\interfaces\DOM</Filter>
    </ClInclude>
    <ClInclude Include="..\..\include\AnimateSDK\app\include\interfaces\DOM\ITween.h">
      <Filter>Headers\AnimateSDK\app\include\interfaces\DOM</Filter>
    </ClInclude>
    <ClInclude Include="..\..\include\AnimateSDK\app\include\interfaces\DOM\ICamera.h">
      <Filter>Headers\AnimateSDK\app\include\interfaces\DOM</Filter>
    </ClInclude>
    <ClInclude Include="..\..\include\AnimateSDK\app\include\interfaces\DOM\IFilterable.h">
      <Filter>Headers\AnimateSDK\app\include\interfaces\DOM</Filter>
    </ClInclude>
    <ClInclude Include="..\..\include\AnimateSDK\app\include\interfaces\DOM\FillStyle\ISolidFillStyle.h">
      <Filter>Headers\AnimateSDK\app\include\interfaces\DOM\FillStyle</Filter>
    </ClInclude>
    <ClInclude Include="..\..\include\AnimateSDK\app\include\interfaces\DOM\FillStyle\IBitmapFillStyle.h">
      <Filter>Headers\AnimateSDK\app\include\interfaces\DOM\FillStyle</Filter>
    </ClInclude>
    <ClInclude Include="..\..\include\AnimateSDK\app\include\interfaces\DOM\FillStyle\IGradientFillStyle.h">
      <Filter>Headers\AnimateSDK\app\include\interfaces\DOM\FillStyle</Filter>
    </ClInclude>
    <ClInclude Include="..\..\include\AnimateSDK\app\include\interfaces\DOM\FrameElement\IParagraph.h">
      <Filter>Headers\AnimateSDK\app\include\interfaces\DOM\FrameElement</Filter>
    </ClInclude>
    <ClInclude Include="..\..\include\AnimateSDK\app\include\interfaces\DOM\FrameElement\IShape.h">
      <Filter>Headers\AnimateSDK\app\include\interfaces\DOM\FrameElement</Filter>
    </ClInclude>
    <ClInclude Include="..\..\include\AnimateSDK\app\include\interfaces\DOM\FrameElement\ISound.h">
      <Filter>Headers\AnimateSDK\app\include\interfaces\DOM\FrameElement</Filter>
    </ClInclude>
    <ClInclude Include="..\..\include\AnimateSDK\app\include\interfaces\DOM\FrameElement\ISymbolInstance.h">
      <Filter>Headers\AnimateSDK\app\include\interfaces\DOM\FrameElement</Filter>
    </ClInclude>
    <ClInclude Include="..\..\include\AnimateSDK\app\include\interfaces\DOM\FrameElement\ITextBehaviour.h">
      <Filter>Headers\AnimateSDK\app\include\interfaces\DOM\FrameElement</Filter>
    </ClInclude>
    <ClInclude Include="..\..\include\AnimateSDK\app\include\interfaces\DOM\FrameElement\ITextRun.h">
      <Filter>Headers\AnimateSDK\app\include\interfaces\DOM\FrameElement</Filter>
    </ClInclude>
    <ClInclude Include="..\..\include\AnimateSDK\app\include\interfaces\DOM\FrameElement\ITextStyle.h">
      <Filter>Headers\AnimateSDK\app\include\interfaces\DOM\FrameElement</Filter>
    </ClInclude>
    <ClInclude Include="..\..\include\AnimateSDK\app\include\interfaces\DOM\FrameElement\IBitmapInstance.h">
      <Filter>Headers\AnimateSDK\app\include\interfaces\DOM\FrameElement</Filter>
    </ClInclude>
    <ClInclude Include="..\..\include\AnimateSDK\app\include\interfaces\DOM\FrameElement\IButton.h">
      <Filter>Headers\AnimateSDK\app\include\interfaces\DOM\FrameElement</Filter>
    </ClInclude>
    <ClInclude Include="..\..\include\AnimateSDK\app\include\interfaces\DOM\FrameElement\IClassicText.h">
      <Filter>Headers\AnimateSDK\app\include\interfaces\DOM\FrameElement</Filter>
    </ClInclude>
    <ClInclude Include="..\..\include\AnimateSDK\app\include\interfaces\DOM\FrameElement\IComponentInstance.h">
      <Filter>Headers\AnimateSDK\app\include\interfaces\DOM\FrameElement</Filter>
    </ClInclude>
    <ClInclude Include="..\..\include\AnimateSDK\app\include\interfaces\DOM\FrameElement\IFrameDisplayElement.h">
      <Filter>Headers\AnimateSDK\app\include\interfaces\DOM\FrameElement</Filter>
    </ClInclude>
    <ClInclude Include="..\..\include\AnimateSDK\app\include\interfaces\DOM\FrameElement\IGraphic.h">
      <Filter>Headers\AnimateSDK\app\include\interfaces\DOM\FrameElement</Filter>
    </ClInclude>
    <ClInclude Include="..\..\include\AnimateSDK\app\include\interfaces\DOM\FrameElement\IGroup.h">
      <Filter>Headers\AnimateSDK\app\include\interfaces\DOM\FrameElement</Filter>
    </ClInclude>
    <ClInclude Include="..\..\include\AnimateSDK\app\include\interfaces\DOM\FrameElement\IInstance.h">
      <Filter>Headers\AnimateSDK\app\include\interfaces\DOM\FrameElement</Filter>
    </ClInclude>
    <ClInclude Include="..\..\include\AnimateSDK\app\include\interfaces\DOM\FrameElement\IMovieClip.h">
      <Filter>Headers\AnimateSDK\app\include\interfaces\DOM\FrameElement</Filter>
    </ClInclude>
    <ClInclude Include="..\..\include\AnimateSDK\app\include\interfaces\DOM\GraphicFilter\IGradientBevelFilter.h">
      <Filter>Headers\AnimateSDK\app\include\interfaces\DOM\GraphicFilter</Filter>
    </ClInclude>
    <ClInclude Include="..\..\include\AnimateSDK\app\include\interfaces\DOM\GraphicFilter\IGradientGlowFilter.h">
      <Filter>Headers\AnimateSDK\app\include\interfaces\DOM\GraphicFilter</Filter>
    </ClInclude>
    <ClInclude Include="..\..\include\AnimateSDK\app\include\interfaces\DOM\GraphicFilter\IAdjustColorFilter.h">
      <Filter>Headers\AnimateSDK\app\include\interfaces\DOM\GraphicFilter</Filter>
    </ClInclude>
    <ClInclude Include="..\..\include\AnimateSDK\app\include\interfaces\DOM\GraphicFilter\IBevelFilter.h">
      <Filter>Headers\AnimateSDK\app\include\interfaces\DOM\GraphicFilter</Filter>
    </ClInclude>
    <ClInclude Include="..\..\include\AnimateSDK\app\include\interfaces\DOM\GraphicFilter\IBlurFilter.h">
      <Filter>Headers\AnimateSDK\app\include\interfaces\DOM\GraphicFilter</Filter>
    </ClInclude>
    <ClInclude Include="..\..\include\AnimateSDK\app\include\interfaces\DOM\GraphicFilter\IDropShadowFilter.h">
      <Filter>Headers\AnimateSDK\app\include\interfaces\DOM\GraphicFilter</Filter>
    </ClInclude>
    <ClInclude Include="..\..\include\AnimateSDK\app\include\interfaces\DOM\GraphicFilter\IGlowFilter.h">
      <Filter>Headers\AnimateSDK\app\include\interfaces\DOM\GraphicFilter</Filter>
    </ClInclude>
    <ClInclude Include="..\..\include\AnimateSDK\app\include\interfaces\DOM\LibraryItem\IMediaItem.h">
      <Filter>Headers\AnimateSDK\app\include\interfaces\DOM\LibraryItem</Filter>
    </ClInclude>
    <ClInclude Include="..\..\include\AnimateSDK\app\include\interfaces\DOM\LibraryItem\ISymbolItem.h">
      <Filter>Headers\AnimateSDK\app\include\interfaces\DOM\LibraryItem</Filter>
    </ClInclude>
    <ClInclude Include="..\..\include\AnimateSDK\app\include\interfaces\DOM\LibraryItem\IComponentItem.h">
      <Filter>Headers\AnimateSDK\app\include\interfaces\DOM\LibraryItem</Filter>
    </ClInclude>
    <ClInclude Include="..\..\include\AnimateSDK\app\include\interfaces\DOM\LibraryItem\IFolderItem.h">
      <Filter>Headers\AnimateSDK\app\include\interfaces\DOM\LibraryItem</Filter>
    </ClInclude>
    <ClInclude Include="..\..\include\AnimateSDK\app\include\interfaces\DOM\LibraryItem\IFontItem.h">
      <Filter>Headers\AnimateSDK\app\include\interfaces\DOM\LibraryItem</Filter>
    </ClInclude>
    <ClInclude Include="..\..\include\AnimateSDK\app\include\interfaces\DOM\MediaInfo\ISoundInfo.h">
      <Filter>Headers\AnimateSDK\app\include\interfaces\DOM\MediaInfo</Filter>
    </ClInclude>
    <ClInclude Include="..\..\include\AnimateSDK\app\include\interfaces\DOM\MediaInfo\IBitmapInfo.h">
      <Filter>Headers\AnimateSDK\app\include\interfaces\DOM\MediaInfo</Filter>
    </ClInclude>
    <ClInclude Include="..\..\include\AnimateSDK\app\include\interfaces\DOM\Service\Document\IFLADocService.h">
      <Filter>Headers\AnimateSDK\app\include\interfaces\DOM\Service\Document</Filter>
    </ClInclude>
    <ClInclude Include="..\..\include\AnimateSDK\app\include\interfaces\DOM\Service\FontTable\IFontTableGeneratorService.h">
      <Filter>Headers\AnimateSDK\app\include\interfaces\DOM\Service\FontTable</Filter>
    </ClInclude>
    <ClInclude Include="..\..\include\AnimateSDK\app\include\interfaces\DOM\Service\FontTable\IGlyph.h">
      <Filter>Headers\AnimateSDK\app\include\interfaces\DOM\Service\FontTable</Filter>
    </ClInclude>
    <ClInclude Include="..\..\include\AnimateSDK\app\include\interfaces\DOM\Service\FontTable\IKerningPair.h">
      <Filter>Headers\AnimateSDK\app\include\interfaces\DOM\Service\FontTable</Filter>
    </ClInclude>
    <ClInclude Include="..\..\include\AnimateSDK\app\include\interfaces\DOM\Service\FontTable\IFontTable.h">
      <Filter>Headers\AnimateSDK\app\include\interfaces\DOM\Service\FontTable</Filter>
    </ClInclude>
    <ClInclude Include="..\..\include\AnimateSDK\app\include\interfaces\DOM\Service\Image\IBitmapExportService.h">
      <Filter>Headers\AnimateSDK\app\include\interfaces\DOM\Service\Image</Filter>
    </ClInclude>
    <ClInclude Include="..\..\include\AnimateSDK\app\include\interfaces\DOM\Service\Media3D\IMedia3DExportService.h">
      <Filter>Headers\AnimateSDK\app\include\interfaces\DOM\Service\Media3D</Filter>
    </ClInclude>
    <ClInclude Include="..\..\include\AnimateSDK\app\include\interfaces\DOM\Service\Shape\IShapeService.h">
      <Filter>Headers\AnimateSDK\app\include\interfaces\DOM\Service\Shape</Filter>
    </ClInclude>
    <ClInclude Include="..\..\include\AnimateSDK\app\include\interfaces\DOM\Service\Shape\IStrokeGroup.h">
      <Filter>Headers\AnimateSDK\app\include\interfaces\DOM\Service\Shape</Filter>
    </ClInclude>
    <ClInclude Include="..\..\include\AnimateSDK\app\include\interfaces\DOM\Service\Shape\IEdge.h">
      <Filter>Headers\AnimateSDK\app\include\interfaces\DOM\Service\Shape</Filter>
    </ClInclude>
    <ClInclude Include="..\..\include\AnimateSDK\app\include\interfaces\DOM\Service\Shape\IFilledRegion.h">
      <Filter>Headers\AnimateSDK\app\include\interfaces\DOM\Service\Shape</Filter>
    </ClInclude>
    <ClInclude Include="..\..\include\AnimateSDK\app\include\interfaces\DOM\Service\Shape\IPath.h">
      <Filter>Headers\AnimateSDK\app\include\interfaces\DOM\Service\Shape</Filter>
    </ClInclude>
    <ClInclude Include="..\..\include\AnimateSDK\app\include\interfaces\DOM\Service\Shape\IRegionGeneratorService.h">
      <Filter>Headers\AnimateSDK\app\include\interfaces\DOM\Service\Shape</Filter>
    </ClInclude>
    <ClInclude Include="..\..\include\AnimateSDK\app\include\interfaces\DOM\Service\Sound\ISoundExportService.h">
      <Filter>Headers\AnimateSDK\app\include\interfaces\DOM\Service\Sound</Filter>
    </ClInclude>
    <ClInclude Include="..\..\include\AnimateSDK\app\include\interfaces\DOM\Service\TextLayout\ITextLinesGeneratorService.h">
      <Filter>Headers\AnimateSDK\app\include\interfaces\DOM\Service\TextLayout</Filter>
    </ClInclude>
    <ClInclude Include="..\..\include\AnimateSDK\app\include\interfaces\DOM\Service\TextLayout\ITextLine.h">
      <Filter>Headers\AnimateSDK\app\include\interfaces\DOM\Service\TextLayout</Filter>
    </ClInclude>
    <ClInclude Include="..\..\include\AnimateSDK\app\include\interfaces\DOM\Service\Tween\IGeometricTweenInfo.h">
      <Filter>Headers\AnimateSDK\app\include\interfaces\DOM\Service\Tween</Filter>
    </ClInclude>
    <ClInclude Include="..\..\include\AnimateSDK\app\include\interfaces\DOM\Service\Tween\IPropertyIDs.h">
      <Filter>Headers\AnimateSDK\app\include\interfaces\DOM\Service\Tween</Filter>
    </ClInclude>
    <ClInclude Include="..\..\include\AnimateSDK\app\include\interfaces\DOM\Service\Tween\IPropertyTweenInfo.h">
      <Filter>Headers\AnimateSDK\app\include\interfaces\DOM\Service\Tween</Filter>
    </ClInclude>
    <ClInclude Include="..\..\include\AnimateSDK\app\include\interfaces\DOM\Service\Tween\IShapeHintInfo.h">
      <Filter>Headers\AnimateSDK\app\include\interfaces\DOM\Service\Tween</Filter>
    </ClInclude>
    <ClInclude Include="..\..\include\AnimateSDK\app\include\interfaces\DOM\Service\Tween\IShapeTweener.h">
      <Filter>Headers\AnimateSDK\app\include\interfaces\DOM\Service\Tween</Filter>
    </ClInclude>
    <ClInclude Include="..\..\include\AnimateSDK\app\include\interfaces\DOM\Service\Tween\IShapeTweenInfo.h">
      <Filter>Headers\AnimateSDK\app\include\interfaces\DOM\Service\Tween</Filter>
    </ClInclude>
    <ClInclude Include="..\..\include\AnimateSDK\app\include\interfaces\DOM\Service\Tween\ITweenerService.h">
      <Filter>Headers\AnimateSDK\app\include\interfaces\DOM\Service\Tween</Filter>
    </ClInclude>
    <ClInclude Include="..\..\include\AnimateSDK\app\include\interfaces\DOM\Service\Tween\ITweenInfoService.h">
      <Filter>Headers\AnimateSDK\app\include\interfaces\DOM\Service\Tween</Filter>
    </ClInclude>
    <ClInclude Include="..\..\include\AnimateSDK\app\include\interfaces\DOM\Service\Tween\IColorTweener.h">
      <Filter>Headers\AnimateSDK\app\include\interfaces\DOM\Service\Tween</Filter>
    </ClInclude>
    <ClInclude Include="..\..\include\AnimateSDK\app\include\interfaces\DOM\Service\Tween\IColorTweenInfo.h">
      <Filter>Headers\AnimateSDK\app\include\interfaces\DOM\Service\Tween</Filter>
    </ClInclude>
    <ClInclude Include="..\..\include\AnimateSDK\app\include\interfaces\DOM\Service\Tween\IEasingInfo.h">
      <Filter>Headers\AnimateSDK\app\include\interfaces\DOM\Service\Tween</Filter>
    </ClInclude>
    <ClInclude Include="..\..\include\AnimateSDK\app\include\interfaces\DOM\Service\Tween\IFilterTweener.h">
      <Filter>Headers\AnimateSDK\app\include\interfaces\DOM\Service\Tween</Filter>
    </ClInclude>
    <ClInclude Include="..\..\include\AnimateSDK\app\include\interfaces\DOM\Service\Tween\IFilterTweenInfo.h">
      <Filter>Headers\AnimateSDK\app\include\interfaces\DOM\Service\Tween</Filter>
    </ClInclude>
    <ClInclude Include="..\..\include\AnimateSDK\app\include\interfaces\DOM\Service\Tween\IGeometricTweener.h">
      <Filter>Headers\AnimateSDK\app\include\interfaces\DOM\Service\Tween</Filter>
    </ClInclude>
    <ClInclude Include="..\..\include\AnimateSDK\app\include\interfaces\DOM\StrokeStyle\IStippleStrokeStyle.h">
      <Filter>Headers\AnimateSDK\app\include\interfaces\DOM\StrokeStyle</Filter>
    </ClInclude>
    <ClInclude Include="..\..\include\AnimateSDK\app\include\interfaces\DOM\StrokeStyle\IStrokeWidth.h">
      <Filter>Headers\AnimateSDK\app\include\interfaces\DOM\StrokeStyle</Filter>
    </ClInclude>
    <ClInclude Include="..\..\include\AnimateSDK\app\include\interfaces\DOM\StrokeStyle\IDashedStrokeStyle.h">
      <Filter>Headers\AnimateSDK\app\include\interfaces\DOM\StrokeStyle</Filter>
    </ClInclude>
    <ClInclude Include="..\..\include\AnimateSDK\app\include\interfaces\DOM\StrokeStyle\IDottedStrokeStyle.h">
      <Filter>Headers\AnimateSDK\app\include\interfaces\DOM\StrokeStyle</Filter>
    </ClInclude>
    <ClInclude Include="..\..\include\AnimateSDK\app\include\interfaces\DOM\StrokeStyle\IHatchedStrokeStyle.h">
      <Filter>Headers\AnimateSDK\app\include\interfaces\DOM\StrokeStyle</Filter>
    </ClInclude>
    <ClInclude Include="..\..\include\AnimateSDK\app\include\interfaces\DOM\StrokeStyle\IPaintbrushStrokeStyle.h">
      <Filter>Headers\AnimateSDK\app\include\interfaces\DOM\StrokeStyle</Filter>
    </ClInclude>
    <ClInclude Include="..\..\include\AnimateSDK\app\include\interfaces\DOM\StrokeStyle\IRaggedStrokeStyle.h">
      <Filter>Headers\AnimateSDK\app\include\interfaces\DOM\StrokeStyle</Filter>
    </ClInclude>
    <ClInclude Include="..\..\include\AnimateSDK\app\include\interfaces\DOM\StrokeStyle\ISolidStrokeStyle.h">
      <Filter>Headers\AnimateSDK\app\include\interfaces\DOM\StrokeStyle</Filter>
    </ClInclude>
    <ClInclude Include="..\..\include\AnimateSDK\app\include\interfaces\DOM\Utils\ISoundEffect.h">
      <Filter>Headers\AnimateSDK\app\include\interfaces\DOM\Utils</Filter>
    </ClInclude>
    <ClInclude Include="..\..\include\AnimateSDK\app\include\interfaces\DOM\Utils\DOMTypes.h">
      <Filter>Headers\AnimateSDK\app\include\interfaces\DOM\Utils</Filter>
    </ClInclude>
    <ClInclude Include="..\..\include\AnimateSDK\app\include\interfaces\DOM\Utils\ILinearColorGradient.h">
      <Filter>Headers\AnimateSDK\app\include\interfaces\DOM\Utils</Filter>
    </ClInclude>
    <ClInclude Include="..\..\include\AnimateSDK\app\include\interfaces\DOM\Utils\IMatrix2D.h">
      <Filter>Headers\AnimateSDK\app\include\interfaces\DOM\Utils</Filter>
    </ClInclude>
    <ClInclude Include="..\..\include\AnimateSDK\app\include\interfaces\DOM\Utils\IRadialColorGradient.h">
      <Filter>Headers\AnimateSDK\app\include\interfaces\DOM\Utils</Filter>
    </ClInclude>
    <ClInclude Include="..\..\include\AnimateSDK\app\include\interfaces\DOM\Utils\IRect.h">
      <Filter>Headers\AnimateSDK\app\include\interfaces\DOM\Utils</Filter>
    </ClInclude>
    <ClInclude Include="..\..\include\AnimateSDK\app\include\interfaces\Exporter\Service\ITimelineBuilder2.h">
      <Filter>Headers\AnimateSDK\app\include\interfaces\Exporter\Service</Filter>
    </ClInclude>
    <ClInclude Include="..\..\include\AnimateSDK\app\include\interfaces\Exporter\Service\ITimelineBuilder3.h">
      <Filter>Headers\AnimateSDK\app\include\interfaces\Exporter\Service</Filter>
    </ClInclude>
    <ClInclude Include="..\..\include\AnimateSDK\app\include\interfaces\Exporter\Service\ITimelineBuilderFactory.h">
      <Filter>Headers\AnimateSDK\app\include\interfaces\Exporter\Service</Filter>
    </ClInclude>
    <ClInclude Include="..\..\include\AnimateSDK\app\include\interfaces\Exporter\Service\IFrameCommandGenerator.h">
      <Filter>Headers\AnimateSDK\app\include\interfaces\Exporter\Service</Filter>
    </ClInclude>
    <ClInclude Include="..\..\include\AnimateSDK\app\include\interfaces\Exporter\Service\IResourcePalette.h">
      <Filter>Headers\AnimateSDK\app\include\interfaces\Exporter\Service</Filter>
    </ClInclude>
    <ClInclude Include="..\..\include\AnimateSDK\app\include\interfaces\Exporter\Service\ISWFExportService.h">
      <Filter>Headers\AnimateSDK\app\include\interfaces\Exporter\Service</Filter>
    </ClInclude>
    <ClInclude Include="..\..\include\AnimateSDK\app\include\interfaces\Exporter\Service\ITimelineBuilder.h">
      <Filter>Headers\AnimateSDK\app\include\interfaces\Exporter\Service</Filter>
    </ClInclude>
    <ClInclude Include="..\..\include\AnimateSDK\app\include\interfaces\Publisher\IPublisher.h">
      <Filter>Headers\AnimateSDK\app\include\interfaces\Publisher</Filter>
    </ClInclude>
    <ClInclude Include="..\..\include\AnimateSDK\core\include\FCMCoreNamespaces.h">
      <Filter>Headers\AnimateSDK\core\include</Filter>
    </ClInclude>
    <ClInclude Include="..\..\include\AnimateSDK\core\include\common\FCMTypes.h">
      <Filter>Headers\AnimateSDK\core\include\common</Filter>
    </ClInclude>
    <ClInclude Include="..\..\include\AnimateSDK\core\include\common\FCMErrors.h">
      <Filter>Headers\AnimateSDK\core\include\common</Filter>
    </ClInclude>
    <ClInclude Include="..\..\include\AnimateSDK\core\include\common\FCMMacros.h">
      <Filter>Headers\AnimateSDK\core\include\common</Filter>
    </ClInclude>
    <ClInclude Include="..\..\include\AnimateSDK\core\include\common\FCMPluginInterface.h">
      <Filter>Headers\AnimateSDK\core\include\common</Filter>
    </ClInclude>
    <ClInclude Include="..\..\include\AnimateSDK\core\include\common\FCMPostConfig.h">
      <Filter>Headers\AnimateSDK\core\include\common</Filter>
    </ClInclude>
    <ClInclude Include="..\..\include\AnimateSDK\core\include\common\FCMPreConfig.h">
      <Filter>Headers\AnimateSDK\core\include\common</Filter>
    </ClInclude>
    <ClInclude Include="..\..\include\AnimateSDK\core\include\common\FCMPublicIDs.h">
      <Filter>Headers\AnimateSDK\core\include\common</Filter>
    </ClInclude>
    <ClInclude Include="..\..\include\AnimateSDK\core\include\common\mac\FCMPostAlign_MAC.h">
      <Filter>Headers\AnimateSDK\core\include\common\mac</Filter>
    </ClInclude>
    <ClInclude Include="..\..\include\AnimateSDK\core\include\common\mac\FCMPreAlign_MAC.h">
      <Filter>Headers\AnimateSDK\core\include\common\mac</Filter>
    </ClInclude>
    <ClInclude Include="..\..\include\AnimateSDK\core\include\common\win\FCMPreAlign_WIN.h">
      <Filter>Headers\AnimateSDK\core\include\common\win</Filter>
    </ClInclude>
    <ClInclude Include="..\..\include\AnimateSDK\core\include\common\win\FCMPostAlign_WIN.h">
      <Filter>Headers\AnimateSDK\core\include\common\win</Filter>
    </ClInclude>
    <ClInclude Include="..\..\include\AnimateSDK\core\include\interfaces\IFCMStringUtils.h">
      <Filter>Headers\AnimateSDK\core\include\interfaces</Filter>
    </ClInclude>
    <ClInclude Include="..\..\include\AnimateSDK\core\include\interfaces\IFCMUnknown.h">
      <Filter>Headers\AnimateSDK\core\include\interfaces</Filter>
    </ClInclude>
    <ClInclude Include="..\..\include\AnimateSDK\core\include\interfaces\IFCMCallback.h">
      <Filter>Headers\AnimateSDK\core\include\interfaces</Filter>
    </ClInclude>
    <ClInclude Include="..\..\include\AnimateSDK\core\include\interfaces\IFCMCalloc.h">
      <Filter>Headers\AnimateSDK\core\include\interfaces</Filter>
    </ClInclude>
    <ClInclude Include="..\..\include\AnimateSDK\core\include\interfaces\IFCMClassFactory.h">
      <Filter>Headers\AnimateSDK\core\include\interfaces</Filter>
    </ClInclude>
    <ClInclude Include="..\..\include\AnimateSDK\core\include\interfaces\IFCMDictionary.h">
      <Filter>Headers\AnimateSDK\core\include\interfaces</Filter>
    </ClInclude>
    <ClInclude Include="..\..\include\AnimateSDK\core\include\interfaces\IFCMList.h">
      <Filter>Headers\AnimateSDK\core\include\interfaces</Filter>
    </ClInclude>
    <ClInclude Include="..\..\include\AnimateSDK\core\include\interfaces\IFCMNoAggregationUnknown.h">
      <Filter>Headers\AnimateSDK\core\include\interfaces</Filter>
    </ClInclude>
    <ClInclude Include="..\..\include\AnimateSDK\core\include\interfaces\IFCMNotificationClient.h">
      <Filter>Headers\AnimateSDK\core\include\interfaces</Filter>
    </ClInclude>
    <ClInclude Include="..\..\include\AnimateSDK\core\include\interfaces\IFCMNotificationService.h">
      <Filter>Headers\AnimateSDK\core\include\interfaces</Filter>
    </ClInclude>
    <ClInclude Include="..\..\include\AnimateSDK\core\include\interfaces\IFCMPair.h">
      <Filter>Headers\AnimateSDK\core\include\interfaces</Filter>
    </ClInclude>
    <ClInclude Include="..\..\include\AnimateSDK\core\include\interfaces\IFCMPluginDictionary.h">
      <Filter>Headers\AnimateSDK\core\include\interfaces</Filter>
    </ClInclude>
    <ClInclude Include="..\..\ThirdParty\libjson\src\JSONDefs\Unknown_C.h">
      <Filter>ThirdParty\libjson\JSONDefs</Filter>
    </ClInclude>
    <ClInclude Include="..\..\ThirdParty\libjson\src\JSONDefs\Visual_C.h">
      <Filter>ThirdParty\libjson\JSONDefs</Filter>
    </ClInclude>
    <ClInclude Include="..\..\ThirdParty\libjson\src\JSONDefs\GNU_C.h">
      <Filter>ThirdParty\libjson\JSONDefs</Filter>
    </ClInclude>
    <ClInclude Include="..\..\ThirdParty\libjson\src\JSONDefs\Strings_Defs.h">
      <Filter>ThirdParty\libjson\JSONDefs</Filter>
    </ClInclude>
    <ClInclude Include="..\..\ThirdParty\libjson\src\JSONValidator.h">
      <Filter>ThirdParty\libjson</Filter>
    </ClInclude>
    <ClInclude Include="..\..\ThirdParty\libjson\src\JSONWorker.h">
      <Filter>ThirdParty\libjson</Filter>
    </ClInclude>
    <ClInclude Include="..\..\ThirdParty\libjson\src\NumberToString.h">
      <Filter>ThirdParty\libjson</Filter>
    </ClInclude>
    <ClInclude Include="..\..\ThirdParty\libjson\src\internalJSONNode.h">
      <Filter>ThirdParty\libjson</Filter>
    </ClInclude>
    <ClInclude Include="..\..\ThirdParty\libjson\src\JSON_Base64.h">
      <Filter>ThirdParty\libjson</Filter>
    </ClInclude>
    <ClInclude Include="..\..\ThirdParty\libjson\src\JSONAllocator.h">
      <Filter>ThirdParty\libjson</Filter>
    </ClInclude>
    <ClInclude Include="..\..\ThirdParty\libjson\src\JSONChildren.h">
      <Filter>ThirdParty\libjson</Filter>
    </ClInclude>
    <ClInclude Include="..\..\ThirdParty\libjson\src\JSONDebug.h">
      <Filter>ThirdParty\libjson</Filter>
    </ClInclude>
    <ClInclude Include="..\..\ThirdParty\libjson\src\JSONDefs.h">
      <Filter>ThirdParty\libjson</Filter>
    </ClInclude>
    <ClInclude Include="..\..\ThirdParty\libjson\src\JSONGlobals.h">
      <Filter>ThirdParty\libjson</Filter>
    </ClInclude>
    <ClInclude Include="..\..\ThirdParty\libjson\src\JSONMemory.h">
      <Filter>ThirdParty\libjson</Filter>
    </ClInclude>
    <ClInclude Include="..\..\ThirdParty\libjson\src\JSONMemoryPool.h">
      <Filter>ThirdParty\libjson</Filter>
    </ClInclude>
    <ClInclude Include="..\..\ThirdParty\libjson\src\JSONNode.h">
      <Filter>ThirdParty\libjson</Filter>
    </ClInclude>
    <ClInclude Include="..\..\ThirdParty\libjson\src\JSONPreparse.h">
      <Filter>ThirdParty\libjson</Filter>
    </ClInclude>
    <ClInclude Include="..\..\ThirdParty\libjson\src\JSONSharedString.h">
      <Filter>ThirdParty\libjson</Filter>
    </ClInclude>
    <ClInclude Include="..\..\ThirdParty\libjson\src\JSONSingleton.h">
      <Filter>ThirdParty\libjson</Filter>
    </ClInclude>
    <ClInclude Include="..\..\ThirdParty\libjson\src\JSONStats.h">
      <Filter>ThirdParty\libjson</Filter>
    </ClInclude>
    <ClInclude Include="..\..\ThirdParty\libjson\src\JSONStream.h">
      <Filter>ThirdParty\libjson</Filter>
    </ClInclude>
    <ClInclude Include="..\..\ThirdParty\libjson\libjson.h">
      <Filter>ThirdParty</Filter>
    </ClInclude>
    <ClInclude Include="..\..\ThirdParty\libjson\JSONOptions.h">
      <Filter>ThirdParty</Filter>
    </ClInclude>
    <ClInclude Include="..\..\include\DocType\DocType.h">
      <Filter>Headers\DocType</Filter>
    </ClInclude>
    <ClInclude Include="..\..\include\DocType\FeatureMatrix.h">
      <Filter>Headers\DocType</Filter>
    </ClInclude>
    <ClInclude Include="..\..\include\DocType\DataTypes.h">
      <Filter>Headers\DocType</Filter>
    </ClInclude>
    <ClInclude Include="..\..\include\Writers\Base\OutputWriter.h">
      <Filter>Headers\Writers\Base</Filter>
    </ClInclude>
    <ClInclude Include="..\..\include\Writers\Base\TimelineWriter.h">
      <Filter>Headers\Writers\Base</Filter>
    </ClInclude>
    <ClInclude Include="..\..\include\Writers\JSON\JSONOutputWriter.h">
      <Filter>Headers\Writers\JSON</Filter>
    </ClInclude>
    <ClInclude Include="..\..\include\Writers\JSON\JSONTimelineWriter.h">
      <Filter>Headers\Writers\JSON</Filter>
    </ClInclude>
    <ClInclude Include="..\..\include\SharedPublisher\Publisher.h">
      <Filter>Headers\SharedPublisher</Filter>
    </ClInclude>
    <ClInclude Include="..\..\include\SharedPublisher\ResourcePalette.h">
      <Filter>Headers\SharedPublisher</Filter>
    </ClInclude>
    <ClInclude Include="..\..\include\SharedPublisher\TimelineBuilder.h">
      <Filter>Headers\SharedPublisher</Filter>
    </ClInclude>
    <ClInclude Include="..\..\include\SharedPublisher\TimelineBuilderFactory.h">
      <Filter>Headers\SharedPublisher</Filter>
    </ClInclude>
    <ClInclude Include="..\..\include\Version.h">
      <Filter>Headers</Filter>
    </ClInclude>
    <ClInclude Include="..\..\include\Ids.h">
      <Filter>Headers</Filter>
    </ClInclude>
    <ClInclude Include="..\..\include\PluginConfiguration.h">
      <Filter>Headers</Filter>
    </ClInclude>
    <ClInclude Include="..\..\include\io\Console.h">
      <Filter>Headers\io</Filter>
    </ClInclude>
    <ClInclude Include="..\..\include\io\Colors.h">
      <Filter>Headers\io</Filter>
    </ClInclude>
  </ItemGroup>
</Project>